
Microsoft Visual Studio Solution File, Format Version 12.00
# Visual Studio Version 17
VisualStudioVersion = 17.14.36310.24 d17.14
MinimumVisualStudioVersion = 10.0.40219.1
Project("{FAE04EC0-301F-11D3-BF4B-00C04F79EFBC}") = "InternetProgrammingProject", "InternetProgrammingProject\InternetProgrammingProject.csproj", "{0CAB176B-EEAE-455C-B627-A81260D1570B}"
EndProject
Global
	GlobalSection(SolutionConfigurationPlatforms) = preSolution
		Debug|Any CPU = Debug|Any CPU
		Release|Any CPU = Release|Any CPU
	EndGlobalSection
	GlobalSection(ProjectConfigurationPlatforms) = postSolution
		{0CAB176B-EEAE-455C-B627-A81260D1570B}.Debug|Any CPU.ActiveCfg = Debug|Any CPU
		{0CAB176B-EEAE-455C-B627-A81260D1570B}.Debug|Any CPU.Build.0 = Debug|Any CPU
		{0CAB176B-EEAE-455C-B627-A81260D1570B}.Release|Any CPU.ActiveCfg = Release|Any CPU
		{0CAB176B-EEAE-455C-B627-A81260D1570B}.Release|Any CPU.Build.0 = Release|Any CPU
	EndGlobalSection
	GlobalSection(SolutionProperties) = preSolution
		HideSolutionNode = FALSE
	EndGlobalSection
	GlobalSection(ExtensibilityGlobals) = postSolution
		SolutionGuid = {C7DAA410-849A-4584-A9DE-85FF3FE23B68}
	EndGlobalSection
EndGlobal
